PODS:
  - Realm (10.43.1):
    - Realm/Headers (= 10.43.1)
  - Realm/Headers (10.43.1)
  - RealmSwift (10.43.1):
    - Realm (= 10.43.1)
  - RxCocoa (6.6.0):
    - RxRelay (= 6.6.0)
    - RxSwift (= 6.6.0)
  - RxRealm (5.0.4):
    - Realm (~> 10.21)
    - RealmSwift (~> 10.21)
    - RxCocoa (~> 6.1)
    - RxSwift (~> 6.1)
  - RxRelay (6.6.0):
    - RxSwift (= 6.6.0)
  - RxSwift (6.6.0)

DEPENDENCIES:
  - RxRealm (from `../`)

SPEC REPOS:
  trunk:
    - Realm
    - RealmSwift
    - RxCocoa
    - RxRelay
    - RxSwift

EXTERNAL SOURCES:
  RxRealm:
    :path: "../"

SPEC CHECKSUMS:
  Realm: d97b438de77459e443bd2c8ad5ca0f95107aee4b
  RealmSwift: 6be3f27a7fd3f5cc8f99f4b187cc4e7150299e32
  RxCocoa: 44a80de90e25b739b5aeaae3c8c371a32e3343cc
  RxRealm: 637ffde6dd00d80170d1f2c492afdbf693737530
  RxRelay: 45eaa5db8ee4fb50e5ebd57deec0159e97fa51e6
  RxSwift: a4b44f7d24599f674deebd1818eab82e58410632

PODFILE CHECKSUM: ad1dbd1b7c30325926f00c516f6c958c4f006e69

COCOAPODS: 1.13.0
